
Microsoft Visual Studio Solution File, Format Version 12.00
# Visual Studio Version 17
VisualStudioVersion = 17.2.32616.157
MinimumVisualStudioVersion = 10.0.40219.1
Project("{FAE04EC0-301F-11D3-BF4B-00C04F79EFBC}") = "lab15", "lab15\lab15.csproj", "{A5F26FA7-1D34-49D2-BBEE-190085A6314B}"
EndProject
Global
	GlobalSection(SolutionConfigurationPlatforms) = preSolution
		Debug|Any CPU = Debug|Any CPU
		Release|Any CPU = Release|Any CPU
	EndGlobalSection
	GlobalSection(ProjectConfigurationPlatforms) = postSolution
		{A5F26FA7-1D34-49D2-BBEE-190085A6314B}.Debug|Any CPU.ActiveCfg = Debug|Any CPU
		{A5F26FA7-1D34-49D2-BBEE-190085A6314B}.Debug|Any CPU.Build.0 = Debug|Any CPU
		{A5F26FA7-1D34-49D2-BBEE-190085A6314B}.Release|Any CPU.ActiveCfg = Release|Any CPU
		{A5F26FA7-1D34-49D2-BBEE-190085A6314B}.Release|Any CPU.Build.0 = Release|Any CPU
	EndGlobalSection
	GlobalSection(SolutionProperties) = preSolution
		HideSolutionNode = FALSE
	EndGlobalSection
	GlobalSection(ExtensibilityGlobals) = postSolution
		SolutionGuid = {B245393C-F3B2-4391-9AD8-16D774BB0D86}
	EndGlobalSection
EndGlobal
