
Microsoft Visual Studio Solution File, Format Version 12.00
# Visual Studio Version 17
VisualStudioVersion = 17.2.32616.157
MinimumVisualStudioVersion = 10.0.40219.1
Project("{FAE04EC0-301F-11D3-BF4B-00C04F79EFBC}") = "lab14", "lab14\lab14.csproj", "{23A49503-BB9C-418C-A429-D162D7870488}"
EndProject
Project("{FAE04EC0-301F-11D3-BF4B-00C04F79EFBC}") = "Store", "Store\Store.csproj", "{02DE1A70-09A2-4C93-A08A-9215C7C4E4E7}"
EndProject
Project("{FAE04EC0-301F-11D3-BF4B-00C04F79EFBC}") = "YouTube", "YouTube\YouTube.csproj", "{F16D795F-55B1-4AAF-A62D-0CC7E6809673}"
EndProject
Global
	GlobalSection(SolutionConfigurationPlatforms) = preSolution
		Debug|Any CPU = Debug|Any CPU
		Release|Any CPU = Release|Any CPU
	EndGlobalSection
	GlobalSection(ProjectConfigurationPlatforms) = postSolution
		{23A49503-BB9C-418C-A429-D162D7870488}.Debug|Any CPU.ActiveCfg = Debug|Any CPU
		{23A49503-BB9C-418C-A429-D162D7870488}.Debug|Any CPU.Build.0 = Debug|Any CPU
		{23A49503-BB9C-418C-A429-D162D7870488}.Release|Any CPU.ActiveCfg = Release|Any CPU
		{23A49503-BB9C-418C-A429-D162D7870488}.Release|Any CPU.Build.0 = Release|Any CPU
		{02DE1A70-09A2-4C93-A08A-9215C7C4E4E7}.Debug|Any CPU.ActiveCfg = Debug|Any CPU
		{02DE1A70-09A2-4C93-A08A-9215C7C4E4E7}.Debug|Any CPU.Build.0 = Debug|Any CPU
		{02DE1A70-09A2-4C93-A08A-9215C7C4E4E7}.Release|Any CPU.ActiveCfg = Release|Any CPU
		{02DE1A70-09A2-4C93-A08A-9215C7C4E4E7}.Release|Any CPU.Build.0 = Release|Any CPU
		{F16D795F-55B1-4AAF-A62D-0CC7E6809673}.Debug|Any CPU.ActiveCfg = Debug|Any CPU
		{F16D795F-55B1-4AAF-A62D-0CC7E6809673}.Debug|Any CPU.Build.0 = Debug|Any CPU
		{F16D795F-55B1-4AAF-A62D-0CC7E6809673}.Release|Any CPU.ActiveCfg = Release|Any CPU
		{F16D795F-55B1-4AAF-A62D-0CC7E6809673}.Release|Any CPU.Build.0 = Release|Any CPU
	EndGlobalSection
	GlobalSection(SolutionProperties) = preSolution
		HideSolutionNode = FALSE
	EndGlobalSection
	GlobalSection(ExtensibilityGlobals) = postSolution
		SolutionGuid = {D447F833-2D2E-4F4D-A820-206C2C68548A}
	EndGlobalSection
EndGlobal
